// !$*UTF8*$!
{
	archiveVersion = 1;
	classes = {
	};
	objectVersion = 46;
	objects = {
/* Begin PBXBuildFile section */
		0207DA581B56EA530066E2B4 /* Images.xcassets in Resources */ = {isa = PBXBuildFile; fileRef = 0207DA571B56EA530066E2B4 /* Images.xcassets */; };
		1D3623260D0F684500981E51 /* AppDelegate.m in Sources */ = {isa = PBXBuildFile; fileRef = 1D3623250D0F684500981E51 /* AppDelegate.m */; };
		1D60589B0D05DD56006BFB54 /* main.m in Sources */ = {isa = PBXBuildFile; fileRef = 29B97316FDCFA39411CA2CEA /* main.m */; };
		301BF552109A68D80062928A /* libCordova.a in Frameworks */ = {isa = PBXBuildFile; fileRef = 301BF535109A57CC0062928A /* libCordova.a */; settings = {ATTRIBUTES = (Required, ); }; };
		302D95F114D2391D003F00A1 /* MainViewController.m in Sources */ = {isa = PBXBuildFile; fileRef = 302D95EF14D2391D003F00A1 /* MainViewController.m */; };
		302D95F214D2391D003F00A1 /* MainViewController.xib in Resources */ = {isa = PBXBuildFile; fileRef = 302D95F014D2391D003F00A1 /* MainViewController.xib */; };
		6AFF5BF91D6E424B00AB3073 /* CDVLaunchScreen.storyboard in Resources */ = {isa = PBXBuildFile; fileRef = 6AFF5BF81D6E424B00AB3073 /* CDVLaunchScreen.storyboard */; };
		D8196C7A16CE41D0B85262F3 /* ActionSheet.m in Sources */ = {isa = PBXBuildFile; fileRef = E672514234DB4A61BE885C6C /* ActionSheet.m */; };
		87E36185B3A842C9AD438E3B /* AppVersion.m in Sources */ = {isa = PBXBuildFile; fileRef = 95537122E1DF464D9486C20D /* AppVersion.m */; };
		CA92104450C44DF4B069E3A5 /* CDVDevice.m in Sources */ = {isa = PBXBuildFile; fileRef = 83BE30D64C9D4384B458D6A9 /* CDVDevice.m */; };
		71F52D76B84B47FA85259419 /* APPBackgroundMode.m in Sources */ = {isa = PBXBuildFile; fileRef = D72455B4C25441F783E8C11B /* APPBackgroundMode.m */; };
		E1CDF7328E664E1A8E5FF49B /* APPMethodMagic.m in Sources */ = {isa = PBXBuildFile; fileRef = D9D384EA69FF420A93D87640 /* APPMethodMagic.m */; };
		C4ED04C9651B4DA1900A7787 /* appbeep.wav in Resources */ = {isa = PBXBuildFile; fileRef = 070BF59B05F949BE96FDFE38 /* appbeep.wav */; };
		CC4A6121F89B422F894F9E4B /* APPBadge.m in Sources */ = {isa = PBXBuildFile; fileRef = 65A6F4B5C3BD48B2A4916B71 /* APPBadge.m */; };
		9E84597340D441F08DF12CDD /* CDVNotification.m in Sources */ = {isa = PBXBuildFile; fileRef = 8E12327808B64A2BA5B52804 /* CDVNotification.m */; };
		2682D283CF874D1AAE3BF08E /* CDVNotification.bundle in Resources */ = {isa = PBXBuildFile; fileRef = 93B16A7975514032A2FE4A27 /* CDVNotification.bundle */; };
		B36033B544AF41B7A27D5298 /* AudioToolbox.framework in Frameworks */ = {isa = PBXBuildFile; fileRef = 9FE15B0DA2244AD684051C7F /* AudioToolbox.framework */; settings = {ATTRIBUTES = (Weak, ); }; };
		DDA77D5F1C2D4750804F2AB3 /* CDVLocation.m in Sources */ = {isa = PBXBuildFile; fileRef = 8B80792DE234486EB919F7BD /* CDVLocation.m */; };
		F9B14797443E4B8583CDBA47 /* CoreLocation.framework in Frameworks */ = {isa = PBXBuildFile; fileRef = 17AD1729FE2E4D76BB388862 /* CoreLocation.framework */; };
		6FB90B9E654A4A41AC48BCBE /* CDVInAppBrowser.m in Sources */ = {isa = PBXBuildFile; fileRef = CBE65A5C1A314BB5B12C90A2 /* CDVInAppBrowser.m */; };
		50F41E7C842D4FE7A5CC3D09 /* CDVInAppBrowserOptions.m in Sources */ = {isa = PBXBuildFile; fileRef = 5FA18872491143D4BF0365C5 /* CDVInAppBrowserOptions.m */; };
		257AA1D8167C4E5296D5C0D1 /* CDVInAppBrowserNavigationController.m in Sources */ = {isa = PBXBuildFile; fileRef = 8CEBAC97BA9141759B859772 /* CDVInAppBrowserNavigationController.m */; };
		C04AA3BBCB6F43D0A13D83A6 /* CDVUIInAppBrowser.m in Sources */ = {isa = PBXBuildFile; fileRef = C34AD6538BB34A0BA096957E /* CDVUIInAppBrowser.m */; };
		13CCE97DF24F4119BC3322E8 /* CDVWKInAppBrowser.m in Sources */ = {isa = PBXBuildFile; fileRef = FD11136D32A24D67B9EB8A81 /* CDVWKInAppBrowser.m */; };
		E360D109A29141DBA5362F9B /* CDVWKInAppBrowserUIDelegate.m in Sources */ = {isa = PBXBuildFile; fileRef = 97614600AC5142B9A8BE35A2 /* CDVWKInAppBrowserUIDelegate.m */; };
		645D6AE86D8F4778A992D8F2 /* CDVIonicKeyboard.m in Sources */ = {isa = PBXBuildFile; fileRef = 43D0FD7AF7444ECD924ABE18 /* CDVIonicKeyboard.m */; };
		F33526E1B6ED4E1DBAE25DCB /* CDVWKWebViewEngine.m in Sources */ = {isa = PBXBuildFile; fileRef = E420DE39791E4325880DB72F /* CDVWKWebViewEngine.m */; };
		00075256EE534DC7BA9B2E8F /* CDVWKWebViewUIDelegate.m in Sources */ = {isa = PBXBuildFile; fileRef = EAFA0F60023E483C81EF3014 /* CDVWKWebViewUIDelegate.m */; };
		DD2DF316096F42478C89E349 /* CDVWKProcessPoolFactory.m in Sources */ = {isa = PBXBuildFile; fileRef = 6E9C66DAF6EE44398F8A360A /* CDVWKProcessPoolFactory.m */; };
		3507C8CB3DB0412EACBEC5F6 /* IONAssetHandler.m in Sources */ = {isa = PBXBuildFile; fileRef = 6F209253DD8D4D3280B92AAF /* IONAssetHandler.m */; };
		0C384D0405124C448FA5ADCC /* WebKit.framework in Frameworks */ = {isa = PBXBuildFile; fileRef = D5FE84DB215C43F983ED4DB7 /* WebKit.framework */; settings = {ATTRIBUTES = (Weak, ); }; };
		964D5DFD7B1148F1938D6047 /* APPLocalNotification.m in Sources */ = {isa = PBXBuildFile; fileRef = 976C13CB150B491DAE9A46F8 /* APPLocalNotification.m */; };
		778E510534D347E79A38102C /* APPNotificationContent.m in Sources */ = {isa = PBXBuildFile; fileRef = 9FC3CB2994374124BE8C4871 /* APPNotificationContent.m */; };
		32BB0217EE0F4487BA541810 /* APPNotificationOptions.m in Sources */ = {isa = PBXBuildFile; fileRef = D49C810063094E8FA388C8EC /* APPNotificationOptions.m */; };
		245D020F8FD147B4B06261DD /* UNUserNotificationCenter+APPLocalNotification.m in Sources */ = {isa = PBXBuildFile; fileRef = 090EF8D175034FA5AE07ACF4 /* UNUserNotificationCenter+APPLocalNotification.m */; };
		87AA23CD43B04910B6935F93 /* UNNotificationRequest+APPLocalNotification.m in Sources */ = {isa = PBXBuildFile; fileRef = 9EEDEC9227AD42CA889BAFB0 /* UNNotificationRequest+APPLocalNotification.m */; };
		D3E4346CA3C24C1B96A766E3 /* UserNotifications.framework in Frameworks */ = {isa = PBXBuildFile; fileRef = B305D82100974EC6931E1D51 /* UserNotifications.framework */; };
		1AA08B9572D04EC88FEE4BBF /* NativeAudio.m in Sources */ = {isa = PBXBuildFile; fileRef = E478E951616648E3ADA465D1 /* NativeAudio.m */; };
		E709736A724B4A78A1BC3304 /* NativeAudioAsset.m in Sources */ = {isa = PBXBuildFile; fileRef = DB98BDF6B5644651AA8BD4A2 /* NativeAudioAsset.m */; };
		E4939BD7D75D4628A246F296 /* Foundation.framework in Frameworks */ = {isa = PBXBuildFile; fileRef = BDDD68BCD83A49668CED78F6 /* Foundation.framework */; };
		7D268B850DA74087BEA46259 /* AVFoundation.framework in Frameworks */ = {isa = PBXBuildFile; fileRef = 882FCE40F6D04A9BBCE64891 /* AVFoundation.framework */; };
		AA4024CCDBEF4B68839145DC /* CDVSplashScreen.m in Sources */ = {isa = PBXBuildFile; fileRef = B129B6CB09A24D128F17B2D7 /* CDVSplashScreen.m */; };
		F5DB787D7F3643F282C0362D /* CDVViewController+SplashScreen.m in Sources */ = {isa = PBXBuildFile; fileRef = 4E5EE0E84A3E4E32A66EE2DF /* CDVViewController+SplashScreen.m */; };
		0A42945C02B84F3EBD8CA08B /* CDVStatusBar.m in Sources */ = {isa = PBXBuildFile; fileRef = 4FF6D12B367344FE98AB5764 /* CDVStatusBar.m */; };
		856D498266E942BBB80C3723 /* CDVVibration.m in Sources */ = {isa = PBXBuildFile; fileRef = 91B242FCA4BE45838E3F2DED /* CDVVibration.m */; };
		B6AFFEF7D4FC4F48A4734421 /* CFCallNumber.m in Sources */ = {isa = PBXBuildFile; fileRef = B4EA4D300F79400C874FBA52 /* CFCallNumber.m */; };
		29BA0DE4553A4999A49D8973 /* LaunchNavigatorPlugin.m in Sources */ = {isa = PBXBuildFile; fileRef = ECBDF404417A4ED9A4AF975A /* LaunchNavigatorPlugin.m */; };
		8812DADC2B8C4D45987F1663 /* WE_CordovaLogger.m in Sources */ = {isa = PBXBuildFile; fileRef = 3FCDF4982D5A403884030D65 /* WE_CordovaLogger.m */; };
		E7C48A575B60438A942E7995 /* LN_LaunchNavigator.m in Sources */ = {isa = PBXBuildFile; fileRef = 250FE3CB20574158A405F0BD /* LN_LaunchNavigator.m */; };
		AD5CA04B9D144F95AB2E68A6 /* LN_Reachability.m in Sources */ = {isa = PBXBuildFile; fileRef = 86E557F34EE945B4B38B7823 /* LN_Reachability.m */; };
		C342AD8F60514DA8859E13BC /* WE_Logger.m in Sources */ = {isa = PBXBuildFile; fileRef = D6C3EADC5F3544DC85AD48AA /* WE_Logger.m */; };
		2B6DF15348744069918E4CCF /* MapKit.framework in Frameworks */ = {isa = PBXBuildFile; fileRef = 6284E7C1F72D46E39DA0D3DA /* MapKit.framework */; };
		12E0B6DDC0744D99B971F92A /* SystemConfiguration.framework in Frameworks */ = {isa = PBXBuildFile; fileRef = F27FB4C131A74C7099E30294 /* SystemConfiguration.framework */; };
/* End PBXBuildFile section */

/* Begin PBXContainerItemProxy section */
		301BF534109A57CC0062928A /* PBXContainerItemProxy */ = {
			isa = PBXContainerItemProxy;
			containerPortal = 301BF52D109A57CC0062928A /* CordovaLib.xcodeproj */;
			proxyType = 2;
			remoteGlobalIDString = D2AAC07E0554694100DB518D;
			remoteInfo = CordovaLib;
		};
		301BF550109A68C00062928A /* PBXContainerItemProxy */ = {
			isa = PBXContainerItemProxy;
			containerPortal = 301BF52D109A57CC0062928A /* CordovaLib.xcodeproj */;
			proxyType = 1;
			remoteGlobalIDString = D2AAC07D0554694100DB518D;
			remoteInfo = CordovaLib;
		};
		907D8123214C687600058A10 /* PBXContainerItemProxy */ = {
			isa = PBXContainerItemProxy;
			containerPortal = 301BF52D109A57CC0062928A /* CordovaLib.xcodeproj */;
			proxyType = 2;
			remoteGlobalIDString = C0C01EB21E3911D50056E6CB;
			remoteInfo = Cordova;
		};
/* End PBXContainerItemProxy section */

/* Begin PBXFileReference section */
		0207DA571B56EA530066E2B4 /* Images.xcassets */ = {isa = PBXFileReference; lastKnownFileType = folder.assetcatalog; name = Images.xcassets; path = "TÔdeTaxi Motorista/Images.xcassets"; sourceTree = SOURCE_ROOT; };
		1D3623240D0F684500981E51 /* AppDelegate.h */ = {isa = PBXFileReference; fileEncoding = 4; lastKnownFileType = sourcecode.c.h; path = AppDelegate.h; sourceTree = "<group>"; };
		1D3623250D0F684500981E51 /* AppDelegate.m */ = {isa = PBXFileReference; fileEncoding = 4; lastKnownFileType = sourcecode.c.objc; path = AppDelegate.m; sourceTree = "<group>"; };
		1D6058910D05DD3D006BFB54 /* TÔdeTaxi Motorista.app */ = {isa = PBXFileReference; explicitFileType = wrapper.application; includeInIndex = 0; path = "TÔdeTaxi Motorista.app"; sourceTree = BUILT_PRODUCTS_DIR; };
		29B97316FDCFA39411CA2CEA /* main.m */ = {isa = PBXFileReference; fileEncoding = 4; lastKnownFileType = sourcecode.c.objc; path = main.m; sourceTree = "<group>"; };
		301BF52D109A57CC0062928A /* CordovaLib.xcodeproj */ = {isa = PBXFileReference; lastKnownFileType = "wrapper.pb-project"; name = CordovaLib.xcodeproj; path = CordovaLib/CordovaLib.xcodeproj; sourceTree = "<group>"; };
		301BF56E109A69640062928A /* www */ = {isa = PBXFileReference; lastKnownFileType = folder; path = www; sourceTree = SOURCE_ROOT; };
		302D95EE14D2391D003F00A1 /* MainViewController.h */ = {isa = PBXFileReference; fileEncoding = 4; lastKnownFileType = sourcecode.c.h; path = MainViewController.h; sourceTree = "<group>"; };
		302D95EF14D2391D003F00A1 /* MainViewController.m */ = {isa = PBXFileReference; fileEncoding = 4; lastKnownFileType = sourcecode.c.objc; path = MainViewController.m; sourceTree = "<group>"; };
		302D95F014D2391D003F00A1 /* MainViewController.xib */ = {isa = PBXFileReference; fileEncoding = 4; lastKnownFileType = file.xib; path = MainViewController.xib; sourceTree = "<group>"; };
		3047A50F1AB8059700498E2A /* build-debug.xcconfig */ = {isa = PBXFileReference; fileEncoding = 4; lastKnownFileType = text.xcconfig; name = "build-debug.xcconfig"; path = "cordova/build-debug.xcconfig"; sourceTree = SOURCE_ROOT; };
		3047A5101AB8059700498E2A /* build-release.xcconfig */ = {isa = PBXFileReference; fileEncoding = 4; lastKnownFileType = text.xcconfig; name = "build-release.xcconfig"; path = "cordova/build-release.xcconfig"; sourceTree = SOURCE_ROOT; };
		3047A5111AB8059700498E2A /* build.xcconfig */ = {isa = PBXFileReference; fileEncoding = 4; lastKnownFileType = text.xcconfig; name = build.xcconfig; path = cordova/build.xcconfig; sourceTree = SOURCE_ROOT; };
		32CA4F630368D1EE00C91783 /* TÔdeTaxi Motorista-Prefix.pch */ = {isa = PBXFileReference; fileEncoding = 4; lastKnownFileType = sourcecode.c.h; path = "TÔdeTaxi Motorista-Prefix.pch"; sourceTree = "<group>"; };
		6AFF5BF81D6E424B00AB3073 /* CDVLaunchScreen.storyboard */ = {isa = PBXFileReference; fileEncoding = 4; lastKnownFileType = file.storyboard; name = CDVLaunchScreen.storyboard; path = "TÔdeTaxi Motorista/CDVLaunchScreen.storyboard"; sourceTree = SOURCE_ROOT; };
		8D1107310486CEB800E47090 /* TÔdeTaxi Motorista-Info.plist */ = {isa = PBXFileReference; fileEncoding = 4; lastKnownFileType = text.plist.xml; name = "TÔdeTaxi Motorista-Info.plist"; path = "TÔdeTaxi Motorista/TÔdeTaxi Motorista-Info.plist"; plistStructureDefinitionIdentifier = "com.apple.xcode.plist.structure-definition.iphone.info-plist"; sourceTree = SOURCE_ROOT; };
		EB87FDF31871DA8E0020F90C /* www */ = {isa = PBXFileReference; lastKnownFileType = folder; name = www; path = ../../www; sourceTree = "<group>"; };
		EB87FDF41871DAF40020F90C /* config.xml */ = {isa = PBXFileReference; lastKnownFileType = text.xml; name = config.xml; path = ../../config.xml; sourceTree = "<group>"; };
		ED33DF2A687741AEAF9F8254 /* Bridging-Header.h */ = {isa = PBXFileReference; fileEncoding = 4; lastKnownFileType = sourcecode.c.h; name = "Bridging-Header.h"; path = "Bridging-Header.h"; sourceTree = "<group>"; };
		F840E1F0165FE0F500CFE078 /* config.xml */ = {isa = PBXFileReference; lastKnownFileType = text.xml; name = config.xml; path = "TÔdeTaxi Motorista/config.xml"; sourceTree = "<group>"; };
		E672514234DB4A61BE885C6C /* ActionSheet.m */ = {isa = PBXFileReference; name = "ActionSheet.m"; path = "cordova-plugin-actionsheet/ActionSheet.m"; sourceTree = "<group>"; fileEncoding = 4; lastKnownFileType = sourcecode.c.objc; explicitFileType = undefined; includeInIndex = 0; };
		275D24F9FCA94A18BA40B50D /* ActionSheet.h */ = {isa = PBXFileReference; name = "ActionSheet.h"; path = "cordova-plugin-actionsheet/ActionSheet.h"; sourceTree = "<group>"; fileEncoding = 4; lastKnownFileType = sourcecode.c.h; explicitFileType = undefined; includeInIndex = 0; };
		95537122E1DF464D9486C20D /* AppVersion.m */ = {isa = PBXFileReference; name = "AppVersion.m"; path = "cordova-plugin-app-version/AppVersion.m"; sourceTree = "<group>"; fileEncoding = 4; lastKnownFileType = sourcecode.c.objc; explicitFileType = undefined; includeInIndex = 0; };
		51B402D32D59445F9A70C261 /* AppVersion.h */ = {isa = PBXFileReference; name = "AppVersion.h"; path = "cordova-plugin-app-version/AppVersion.h"; sourceTree = "<group>"; fileEncoding = 4; lastKnownFileType = sourcecode.c.h; explicitFileType = undefined; includeInIndex = 0; };
		83BE30D64C9D4384B458D6A9 /* CDVDevice.m */ = {isa = PBXFileReference; name = "CDVDevice.m"; path = "cordova-plugin-device/CDVDevice.m"; sourceTree = "<group>"; fileEncoding = 4; lastKnownFileType = sourcecode.c.objc; explicitFileType = undefined; includeInIndex = 0; };
		3F82C0A68A154EF79A47F1C0 /* CDVDevice.h */ = {isa = PBXFileReference; name = "CDVDevice.h"; path = "cordova-plugin-device/CDVDevice.h"; sourceTree = "<group>"; fileEncoding = 4; lastKnownFileType = sourcecode.c.h; explicitFileType = undefined; includeInIndex = 0; };
		D72455B4C25441F783E8C11B /* APPBackgroundMode.m */ = {isa = PBXFileReference; name = "APPBackgroundMode.m"; path = "cordova-plugin-background-mode/APPBackgroundMode.m"; sourceTree = "<group>"; fileEncoding = 4; lastKnownFileType = sourcecode.c.objc; explicitFileType = undefined; includeInIndex = 0; };
		D9D384EA69FF420A93D87640 /* APPMethodMagic.m */ = {isa = PBXFileReference; name = "APPMethodMagic.m"; path = "cordova-plugin-background-mode/APPMethodMagic.m"; sourceTree = "<group>"; fileEncoding = 4; lastKnownFileType = sourcecode.c.objc; explicitFileType = undefined; includeInIndex = 0; };
		7120E45A56A24D7E8447F2BD /* APPBackgroundMode.h */ = {isa = PBXFileReference; name = "APPBackgroundMode.h"; path = "cordova-plugin-background-mode/APPBackgroundMode.h"; sourceTree = "<group>"; fileEncoding = 4; lastKnownFileType = sourcecode.c.h; explicitFileType = undefined; includeInIndex = 0; };
		9FA32AF293324B469A5B28A0 /* APPMethodMagic.h */ = {isa = PBXFileReference; name = "APPMethodMagic.h"; path = "cordova-plugin-background-mode/APPMethodMagic.h"; sourceTree = "<group>"; fileEncoding = 4; lastKnownFileType = sourcecode.c.h; explicitFileType = undefined; includeInIndex = 0; };
		070BF59B05F949BE96FDFE38 /* appbeep.wav */ = {isa = PBXFileReference; name = "appbeep.wav"; path = "appbeep.wav"; sourceTree = "<group>"; fileEncoding = undefined; lastKnownFileType = unknown; explicitFileType = undefined; includeInIndex = 0; };
		65A6F4B5C3BD48B2A4916B71 /* APPBadge.m */ = {isa = PBXFileReference; name = "APPBadge.m"; path = "cordova-plugin-badge/APPBadge.m"; sourceTree = "<group>"; fileEncoding = 4; lastKnownFileType = sourcecode.c.objc; explicitFileType = undefined; includeInIndex = 0; };
		5EDC756302FF4CCBA1DDABCD /* APPBadge.h */ = {isa = PBXFileReference; name = "APPBadge.h"; path = "cordova-plugin-badge/APPBadge.h"; sourceTree = "<group>"; fileEncoding = 4; lastKnownFileType = sourcecode.c.h; explicitFileType = undefined; includeInIndex = 0; };
		8E12327808B64A2BA5B52804 /* CDVNotification.m */ = {isa = PBXFileReference; name = "CDVNotification.m"; path = "cordova-plugin-dialogs/CDVNotification.m"; sourceTree = "<group>"; fileEncoding = 4; lastKnownFileType = sourcecode.c.objc; explicitFileType = undefined; includeInIndex = 0; };
		2793D5525F7140768A34617D /* CDVNotification.h */ = {isa = PBXFileReference; name = "CDVNotification.h"; path = "cordova-plugin-dialogs/CDVNotification.h"; sourceTree = "<group>"; fileEncoding = 4; lastKnownFileType = sourcecode.c.h; explicitFileType = undefined; includeInIndex = 0; };
		93B16A7975514032A2FE4A27 /* CDVNotification.bundle */ = {isa = PBXFileReference; name = "CDVNotification.bundle"; path = "CDVNotification.bundle"; sourceTree = "<group>"; fileEncoding = undefined; lastKnownFileType = wrapper.plug-in; explicitFileType = undefined; includeInIndex = 0; };
		9FE15B0DA2244AD684051C7F /* AudioToolbox.framework */ = {isa = PBXFileReference; name = "AudioToolbox.framework"; path = "System/Library/Frameworks/AudioToolbox.framework"; sourceTree = SDKROOT; fileEncoding = undefined; lastKnownFileType = wrapper.framework; explicitFileType = undefined; includeInIndex = 0; };
		8B80792DE234486EB919F7BD /* CDVLocation.m */ = {isa = PBXFileReference; name = "CDVLocation.m"; path = "cordova-plugin-geolocation/CDVLocation.m"; sourceTree = "<group>"; fileEncoding = 4; lastKnownFileType = sourcecode.c.objc; explicitFileType = undefined; includeInIndex = 0; };
		47B3CD2C54F34DB39E0B8FB3 /* CDVLocation.h */ = {isa = PBXFileReference; name = "CDVLocation.h"; path = "cordova-plugin-geolocation/CDVLocation.h"; sourceTree = "<group>"; fileEncoding = 4; lastKnownFileType = sourcecode.c.h; explicitFileType = undefined; includeInIndex = 0; };
		17AD1729FE2E4D76BB388862 /* CoreLocation.framework */ = {isa = PBXFileReference; name = "CoreLocation.framework"; path = "System/Library/Frameworks/CoreLocation.framework"; sourceTree = SDKROOT; fileEncoding = undefined; lastKnownFileType = wrapper.framework; explicitFileType = undefined; includeInIndex = 0; };
		CBE65A5C1A314BB5B12C90A2 /* CDVInAppBrowser.m */ = {isa = PBXFileReference; name = "CDVInAppBrowser.m"; path = "cordova-plugin-inappbrowser/CDVInAppBrowser.m"; sourceTree = "<group>"; fileEncoding = 4; lastKnownFileType = sourcecode.c.objc; explicitFileType = undefined; includeInIndex = 0; };
		5FA18872491143D4BF0365C5 /* CDVInAppBrowserOptions.m */ = {isa = PBXFileReference; name = "CDVInAppBrowserOptions.m"; path = "cordova-plugin-inappbrowser/CDVInAppBrowserOptions.m"; sourceTree = "<group>"; fileEncoding = 4; lastKnownFileType = sourcecode.c.objc; explicitFileType = undefined; includeInIndex = 0; };
		8CEBAC97BA9141759B859772 /* CDVInAppBrowserNavigationController.m */ = {isa = PBXFileReference; name = "CDVInAppBrowserNavigationController.m"; path = "cordova-plugin-inappbrowser/CDVInAppBrowserNavigationController.m"; sourceTree = "<group>"; fileEncoding = 4; lastKnownFileType = sourcecode.c.objc; explicitFileType = undefined; includeInIndex = 0; };
		C34AD6538BB34A0BA096957E /* CDVUIInAppBrowser.m */ = {isa = PBXFileReference; name = "CDVUIInAppBrowser.m"; path = "cordova-plugin-inappbrowser/CDVUIInAppBrowser.m"; sourceTree = "<group>"; fileEncoding = 4; lastKnownFileType = sourcecode.c.objc; explicitFileType = undefined; includeInIndex = 0; };
		FD11136D32A24D67B9EB8A81 /* CDVWKInAppBrowser.m */ = {isa = PBXFileReference; name = "CDVWKInAppBrowser.m"; path = "cordova-plugin-inappbrowser/CDVWKInAppBrowser.m"; sourceTree = "<group>"; fileEncoding = 4; lastKnownFileType = sourcecode.c.objc; explicitFileType = undefined; includeInIndex = 0; };
		97614600AC5142B9A8BE35A2 /* CDVWKInAppBrowserUIDelegate.m */ = {isa = PBXFileReference; name = "CDVWKInAppBrowserUIDelegate.m"; path = "cordova-plugin-inappbrowser/CDVWKInAppBrowserUIDelegate.m"; sourceTree = "<group>"; fileEncoding = 4; lastKnownFileType = sourcecode.c.objc; explicitFileType = undefined; includeInIndex = 0; };
		B8556B19F2294556A9F05601 /* CDVInAppBrowser.h */ = {isa = PBXFileReference; name = "CDVInAppBrowser.h"; path = "cordova-plugin-inappbrowser/CDVInAppBrowser.h"; sourceTree = "<group>"; fileEncoding = 4; lastKnownFileType = sourcecode.c.h; explicitFileType = undefined; includeInIndex = 0; };
		03ED42AD59A34D50831572D6 /* CDVInAppBrowserOptions.h */ = {isa = PBXFileReference; name = "CDVInAppBrowserOptions.h"; path = "cordova-plugin-inappbrowser/CDVInAppBrowserOptions.h"; sourceTree = "<group>"; fileEncoding = 4; lastKnownFileType = sourcecode.c.h; explicitFileType = undefined; includeInIndex = 0; };
		09C0513674964828A699A597 /* CDVInAppBrowserNavigationController.h */ = {isa = PBXFileReference; name = "CDVInAppBrowserNavigationController.h"; path = "cordova-plugin-inappbrowser/CDVInAppBrowserNavigationController.h"; sourceTree = "<group>"; fileEncoding = 4; lastKnownFileType = sourcecode.c.h; explicitFileType = undefined; includeInIndex = 0; };
		3B462D4A4A60415D930C1685 /* CDVUIInAppBrowser.h */ = {isa = PBXFileReference; name = "CDVUIInAppBrowser.h"; path = "cordova-plugin-inappbrowser/CDVUIInAppBrowser.h"; sourceTree = "<group>"; fileEncoding = 4; lastKnownFileType = sourcecode.c.h; explicitFileType = undefined; includeInIndex = 0; };
		F8570CE1BDE14C6CBC87452F /* CDVWKInAppBrowser.h */ = {isa = PBXFileReference; name = "CDVWKInAppBrowser.h"; path = "cordova-plugin-inappbrowser/CDVWKInAppBrowser.h"; sourceTree = "<group>"; fileEncoding = 4; lastKnownFileType = sourcecode.c.h; explicitFileType = undefined; includeInIndex = 0; };
		061D67BB19F74EFFB01ED1D4 /* CDVWKInAppBrowserUIDelegate.h */ = {isa = PBXFileReference; name = "CDVWKInAppBrowserUIDelegate.h"; path = "cordova-plugin-inappbrowser/CDVWKInAppBrowserUIDelegate.h"; sourceTree = "<group>"; fileEncoding = 4; lastKnownFileType = sourcecode.c.h; explicitFileType = undefined; includeInIndex = 0; };
		43D0FD7AF7444ECD924ABE18 /* CDVIonicKeyboard.m */ = {isa = PBXFileReference; name = "CDVIonicKeyboard.m"; path = "cordova-plugin-ionic-keyboard/CDVIonicKeyboard.m"; sourceTree = "<group>"; fileEncoding = 4; lastKnownFileType = sourcecode.c.objc; explicitFileType = undefined; includeInIndex = 0; };
		C1E0CBB57C2846BAB8A816E4 /* CDVIonicKeyboard.h */ = {isa = PBXFileReference; name = "CDVIonicKeyboard.h"; path = "cordova-plugin-ionic-keyboard/CDVIonicKeyboard.h"; sourceTree = "<group>"; fileEncoding = 4; lastKnownFileType = sourcecode.c.h; explicitFileType = undefined; includeInIndex = 0; };
		E420DE39791E4325880DB72F /* CDVWKWebViewEngine.m */ = {isa = PBXFileReference; name = "CDVWKWebViewEngine.m"; path = "cordova-plugin-ionic-webview/CDVWKWebViewEngine.m"; sourceTree = "<group>"; fileEncoding = 4; lastKnownFileType = sourcecode.c.objc; explicitFileType = undefined; includeInIndex = 0; };
		EAFA0F60023E483C81EF3014 /* CDVWKWebViewUIDelegate.m */ = {isa = PBXFileReference; name = "CDVWKWebViewUIDelegate.m"; path = "cordova-plugin-ionic-webview/CDVWKWebViewUIDelegate.m"; sourceTree = "<group>"; fileEncoding = 4; lastKnownFileType = sourcecode.c.objc; explicitFileType = undefined; includeInIndex = 0; };
		6E9C66DAF6EE44398F8A360A /* CDVWKProcessPoolFactory.m */ = {isa = PBXFileReference; name = "CDVWKProcessPoolFactory.m"; path = "cordova-plugin-ionic-webview/CDVWKProcessPoolFactory.m"; sourceTree = "<group>"; fileEncoding = 4; lastKnownFileType = sourcecode.c.objc; explicitFileType = undefined; includeInIndex = 0; };
		6F209253DD8D4D3280B92AAF /* IONAssetHandler.m */ = {isa = PBXFileReference; name = "IONAssetHandler.m"; path = "cordova-plugin-ionic-webview/IONAssetHandler.m"; sourceTree = "<group>"; fileEncoding = 4; lastKnownFileType = sourcecode.c.objc; explicitFileType = undefined; includeInIndex = 0; };
		B28773F5C2FC4B238876D3D1 /* CDVWKWebViewEngine.h */ = {isa = PBXFileReference; name = "CDVWKWebViewEngine.h"; path = "cordova-plugin-ionic-webview/CDVWKWebViewEngine.h"; sourceTree = "<group>"; fileEncoding = 4; lastKnownFileType = sourcecode.c.h; explicitFileType = undefined; includeInIndex = 0; };
		17E1212BD8494677945182B5 /* CDVWKWebViewUIDelegate.h */ = {isa = PBXFileReference; name = "CDVWKWebViewUIDelegate.h"; path = "cordova-plugin-ionic-webview/CDVWKWebViewUIDelegate.h"; sourceTree = "<group>"; fileEncoding = 4; lastKnownFileType = sourcecode.c.h; explicitFileType = undefined; includeInIndex = 0; };
		8476BD4945364D1D9B0ADBBA /* CDVWKProcessPoolFactory.h */ = {isa = PBXFileReference; name = "CDVWKProcessPoolFactory.h"; path = "cordova-plugin-ionic-webview/CDVWKProcessPoolFactory.h"; sourceTree = "<group>"; fileEncoding = 4; lastKnownFileType = sourcecode.c.h; explicitFileType = undefined; includeInIndex = 0; };
		EE466FD5763440CAA3C6D940 /* IONAssetHandler.h */ = {isa = PBXFileReference; name = "IONAssetHandler.h"; path = "cordova-plugin-ionic-webview/IONAssetHandler.h"; sourceTree = "<group>"; fileEncoding = 4; lastKnownFileType = sourcecode.c.h; explicitFileType = undefined; includeInIndex = 0; };
		D5FE84DB215C43F983ED4DB7 /* WebKit.framework */ = {isa = PBXFileReference; name = "WebKit.framework"; path = "System/Library/Frameworks/WebKit.framework"; sourceTree = SDKROOT; fileEncoding = undefined; lastKnownFileType = wrapper.framework; explicitFileType = undefined; includeInIndex = 0; };
		976C13CB150B491DAE9A46F8 /* APPLocalNotification.m */ = {isa = PBXFileReference; name = "APPLocalNotification.m"; path = "cordova-plugin-local-notification/APPLocalNotification.m"; sourceTree = "<group>"; fileEncoding = 4; lastKnownFileType = sourcecode.c.objc; explicitFileType = undefined; includeInIndex = 0; };
		9FC3CB2994374124BE8C4871 /* APPNotificationContent.m */ = {isa = PBXFileReference; name = "APPNotificationContent.m"; path = "cordova-plugin-local-notification/APPNotificationContent.m"; sourceTree = "<group>"; fileEncoding = 4; lastKnownFileType = sourcecode.c.objc; explicitFileType = undefined; includeInIndex = 0; };
		D49C810063094E8FA388C8EC /* APPNotificationOptions.m */ = {isa = PBXFileReference; name = "APPNotificationOptions.m"; path = "cordova-plugin-local-notification/APPNotificationOptions.m"; sourceTree = "<group>"; fileEncoding = 4; lastKnownFileType = sourcecode.c.objc; explicitFileType = undefined; includeInIndex = 0; };
		090EF8D175034FA5AE07ACF4 /* UNUserNotificationCenter+APPLocalNotification.m */ = {isa = PBXFileReference; name = "UNUserNotificationCenter+APPLocalNotification.m"; path = "cordova-plugin-local-notification/UNUserNotificationCenter+APPLocalNotification.m"; sourceTree = "<group>"; fileEncoding = 4; lastKnownFileType = sourcecode.c.objc; explicitFileType = undefined; includeInIndex = 0; };
		9EEDEC9227AD42CA889BAFB0 /* UNNotificationRequest+APPLocalNotification.m */ = {isa = PBXFileReference; name = "UNNotificationRequest+APPLocalNotification.m"; path = "cordova-plugin-local-notification/UNNotificationRequest+APPLocalNotification.m"; sourceTree = "<group>"; fileEncoding = 4; lastKnownFileType = sourcecode.c.objc; explicitFileType = undefined; includeInIndex = 0; };
		65D9EB73D55043A79772EEF4 /* APPLocalNotification.h */ = {isa = PBXFileReference; name = "APPLocalNotification.h"; path = "cordova-plugin-local-notification/APPLocalNotification.h"; sourceTree = "<group>"; fileEncoding = 4; lastKnownFileType = sourcecode.c.h; explicitFileType = undefined; includeInIndex = 0; };
		68764EF194114EBC9465A4BD /* APPNotificationContent.h */ = {isa = PBXFileReference; name = "APPNotificationContent.h"; path = "cordova-plugin-local-notification/APPNotificationContent.h"; sourceTree = "<group>"; fileEncoding = 4; lastKnownFileType = sourcecode.c.h; explicitFileType = undefined; includeInIndex = 0; };
		F4EDA0588F4448988781F5A4 /* APPNotificationOptions.h */ = {isa = PBXFileReference; name = "APPNotificationOptions.h"; path = "cordova-plugin-local-notification/APPNotificationOptions.h"; sourceTree = "<group>"; fileEncoding = 4; lastKnownFileType = sourcecode.c.h; explicitFileType = undefined; includeInIndex = 0; };
		6CAF9822BB24478D9ECF5D0A /* UNUserNotificationCenter+APPLocalNotification.h */ = {isa = PBXFileReference; name = "UNUserNotificationCenter+APPLocalNotification.h"; path = "cordova-plugin-local-notification/UNUserNotificationCenter+APPLocalNotification.h"; sourceTree = "<group>"; fileEncoding = 4; lastKnownFileType = sourcecode.c.h; explicitFileType = undefined; includeInIndex = 0; };
		ED37463ABC834F17A764E92B /* UNNotificationRequest+APPLocalNotification.h */ = {isa = PBXFileReference; name = "UNNotificationRequest+APPLocalNotification.h"; path = "cordova-plugin-local-notification/UNNotificationRequest+APPLocalNotification.h"; sourceTree = "<group>"; fileEncoding = 4; lastKnownFileType = sourcecode.c.h; explicitFileType = undefined; includeInIndex = 0; };
		B305D82100974EC6931E1D51 /* UserNotifications.framework */ = {isa = PBXFileReference; name = "UserNotifications.framework"; path = "System/Library/Frameworks/UserNotifications.framework"; sourceTree = SDKROOT; fileEncoding = undefined; lastKnownFileType = wrapper.framework; explicitFileType = undefined; includeInIndex = 0; };
		E478E951616648E3ADA465D1 /* NativeAudio.m */ = {isa = PBXFileReference; name = "NativeAudio.m"; path = "cordova-plugin-nativeaudio/NativeAudio.m"; sourceTree = "<group>"; fileEncoding = 4; lastKnownFileType = sourcecode.c.objc; explicitFileType = undefined; includeInIndex = 0; };
		DB98BDF6B5644651AA8BD4A2 /* NativeAudioAsset.m */ = {isa = PBXFileReference; name = "NativeAudioAsset.m"; path = "cordova-plugin-nativeaudio/NativeAudioAsset.m"; sourceTree = "<group>"; fileEncoding = 4; lastKnownFileType = sourcecode.c.objc; explicitFileType = undefined; includeInIndex = 0; };
		854DC518283C44E6ABA04C07 /* NativeAudio.h */ = {isa = PBXFileReference; name = "NativeAudio.h"; path = "cordova-plugin-nativeaudio/NativeAudio.h"; sourceTree = "<group>"; fileEncoding = 4; lastKnownFileType = sourcecode.c.h; explicitFileType = undefined; includeInIndex = 0; };
		FACB60D75B814429923840A0 /* NativeAudioAsset.h */ = {isa = PBXFileReference; name = "NativeAudioAsset.h"; path = "cordova-plugin-nativeaudio/NativeAudioAsset.h"; sourceTree = "<group>"; fileEncoding = 4; lastKnownFileType = sourcecode.c.h; explicitFileType = undefined; includeInIndex = 0; };
		BDDD68BCD83A49668CED78F6 /* Foundation.framework */ = {isa = PBXFileReference; name = "Foundation.framework"; path = "System/Library/Frameworks/Foundation.framework"; sourceTree = SDKROOT; fileEncoding = undefined; lastKnownFileType = wrapper.framework; explicitFileType = undefined; includeInIndex = 0; };
		882FCE40F6D04A9BBCE64891 /* AVFoundation.framework */ = {isa = PBXFileReference; name = "AVFoundation.framework"; path = "System/Library/Frameworks/AVFoundation.framework"; sourceTree = SDKROOT; fileEncoding = undefined; lastKnownFileType = wrapper.framework; explicitFileType = undefined; includeInIndex = 0; };
		B129B6CB09A24D128F17B2D7 /* CDVSplashScreen.m */ = {isa = PBXFileReference; name = "CDVSplashScreen.m"; path = "cordova-plugin-splashscreen/CDVSplashScreen.m"; sourceTree = "<group>"; fileEncoding = 4; lastKnownFileType = sourcecode.c.objc; explicitFileType = undefined; includeInIndex = 0; };
		4E5EE0E84A3E4E32A66EE2DF /* CDVViewController+SplashScreen.m */ = {isa = PBXFileReference; name = "CDVViewController+SplashScreen.m"; path = "cordova-plugin-splashscreen/CDVViewController+SplashScreen.m"; sourceTree = "<group>"; fileEncoding = 4; lastKnownFileType = sourcecode.c.objc; explicitFileType = undefined; includeInIndex = 0; };
		425C47D2DA6D4DD48A4CA1B3 /* CDVSplashScreen.h */ = {isa = PBXFileReference; name = "CDVSplashScreen.h"; path = "cordova-plugin-splashscreen/CDVSplashScreen.h"; sourceTree = "<group>"; fileEncoding = 4; lastKnownFileType = sourcecode.c.h; explicitFileType = undefined; includeInIndex = 0; };
		1B1C86A961EF4B4FA7002163 /* CDVViewController+SplashScreen.h */ = {isa = PBXFileReference; name = "CDVViewController+SplashScreen.h"; path = "cordova-plugin-splashscreen/CDVViewController+SplashScreen.h"; sourceTree = "<group>"; fileEncoding = 4; lastKnownFileType = sourcecode.c.h; explicitFileType = undefined; includeInIndex = 0; };
		4FF6D12B367344FE98AB5764 /* CDVStatusBar.m */ = {isa = PBXFileReference; name = "CDVStatusBar.m"; path = "cordova-plugin-statusbar/CDVStatusBar.m"; sourceTree = "<group>"; fileEncoding = 4; lastKnownFileType = sourcecode.c.objc; explicitFileType = undefined; includeInIndex = 0; };
		64C6339FBB6741C8BAC75E2B /* CDVStatusBar.h */ = {isa = PBXFileReference; name = "CDVStatusBar.h"; path = "cordova-plugin-statusbar/CDVStatusBar.h"; sourceTree = "<group>"; fileEncoding = 4; lastKnownFileType = sourcecode.c.h; explicitFileType = undefined; includeInIndex = 0; };
		91B242FCA4BE45838E3F2DED /* CDVVibration.m */ = {isa = PBXFileReference; name = "CDVVibration.m"; path = "cordova-plugin-vibration/CDVVibration.m"; sourceTree = "<group>"; fileEncoding = 4; lastKnownFileType = sourcecode.c.objc; explicitFileType = undefined; includeInIndex = 0; };
		944B9D6C335B430AB76574A2 /* CDVVibration.h */ = {isa = PBXFileReference; name = "CDVVibration.h"; path = "cordova-plugin-vibration/CDVVibration.h"; sourceTree = "<group>"; fileEncoding = 4; lastKnownFileType = sourcecode.c.h; explicitFileType = undefined; includeInIndex = 0; };
		B4EA4D300F79400C874FBA52 /* CFCallNumber.m */ = {isa = PBXFileReference; name = "CFCallNumber.m"; path = "mx.ferreyra.callnumber/CFCallNumber.m"; sourceTree = "<group>"; fileEncoding = 4; lastKnownFileType = sourcecode.c.objc; explicitFileType = undefined; includeInIndex = 0; };
		F6B5DC65D99142A08EBDCA56 /* CFCallNumber.h */ = {isa = PBXFileReference; name = "CFCallNumber.h"; path = "mx.ferreyra.callnumber/CFCallNumber.h"; sourceTree = "<group>"; fileEncoding = 4; lastKnownFileType = sourcecode.c.h; explicitFileType = undefined; includeInIndex = 0; };
		ECBDF404417A4ED9A4AF975A /* LaunchNavigatorPlugin.m */ = {isa = PBXFileReference; name = "LaunchNavigatorPlugin.m"; path = "uk.co.workingedge.phonegap.plugin.launchnavigator/LaunchNavigatorPlugin.m"; sourceTree = "<group>"; fileEncoding = 4; lastKnownFileType = sourcecode.c.objc; explicitFileType = undefined; includeInIndex = 0; };
		3FCDF4982D5A403884030D65 /* WE_CordovaLogger.m */ = {isa = PBXFileReference; name = "WE_CordovaLogger.m"; path = "uk.co.workingedge.phonegap.plugin.launchnavigator/WE_CordovaLogger.m"; sourceTree = "<group>"; fileEncoding = 4; lastKnownFileType = sourcecode.c.objc; explicitFileType = undefined; includeInIndex = 0; };
		250FE3CB20574158A405F0BD /* LN_LaunchNavigator.m */ = {isa = PBXFileReference; name = "LN_LaunchNavigator.m"; path = "uk.co.workingedge.phonegap.plugin.launchnavigator/LN_LaunchNavigator.m"; sourceTree = "<group>"; fileEncoding = 4; lastKnownFileType = sourcecode.c.objc; explicitFileType = undefined; includeInIndex = 0; };
		86E557F34EE945B4B38B7823 /* LN_Reachability.m */ = {isa = PBXFileReference; name = "LN_Reachability.m"; path = "uk.co.workingedge.phonegap.plugin.launchnavigator/LN_Reachability.m"; sourceTree = "<group>"; fileEncoding = 4; lastKnownFileType = sourcecode.c.objc; explicitFileType = undefined; includeInIndex = 0; };
		D6C3EADC5F3544DC85AD48AA /* WE_Logger.m */ = {isa = PBXFileReference; name = "WE_Logger.m"; path = "uk.co.workingedge.phonegap.plugin.launchnavigator/WE_Logger.m"; sourceTree = "<group>"; fileEncoding = 4; lastKnownFileType = sourcecode.c.objc; explicitFileType = undefined; includeInIndex = 0; };
		53CF8B1418AF48D08393C750 /* LaunchNavigatorPlugin.h */ = {isa = PBXFileReference; name = "LaunchNavigatorPlugin.h"; path = "uk.co.workingedge.phonegap.plugin.launchnavigator/LaunchNavigatorPlugin.h"; sourceTree = "<group>"; fileEncoding = 4; lastKnownFileType = sourcecode.c.h; explicitFileType = undefined; includeInIndex = 0; };
		31D0C6A45A294710A8725E51 /* WE_CordovaLogger.h */ = {isa = PBXFileReference; name = "WE_CordovaLogger.h"; path = "uk.co.workingedge.phonegap.plugin.launchnavigator/WE_CordovaLogger.h"; sourceTree = "<group>"; fileEncoding = 4; lastKnownFileType = sourcecode.c.h; explicitFileType = undefined; includeInIndex = 0; };
		5CBAFEA3F689469681660C34 /* LN_LaunchNavigator.h */ = {isa = PBXFileReference; name = "LN_LaunchNavigator.h"; path = "uk.co.workingedge.phonegap.plugin.launchnavigator/LN_LaunchNavigator.h"; sourceTree = "<group>"; fileEncoding = 4; lastKnownFileType = sourcecode.c.h; explicitFileType = undefined; includeInIndex = 0; };
		CC01D97B9C0E4DC4999A0EAE /* LN_Reachability.h */ = {isa = PBXFileReference; name = "LN_Reachability.h"; path = "uk.co.workingedge.phonegap.plugin.launchnavigator/LN_Reachability.h"; sourceTree = "<group>"; fileEncoding = 4; lastKnownFileType = sourcecode.c.h; explicitFileType = undefined; includeInIndex = 0; };
		6000B6A422674FE1894F9A7E /* WE_Logger.h */ = {isa = PBXFileReference; name = "WE_Logger.h"; path = "uk.co.workingedge.phonegap.plugin.launchnavigator/WE_Logger.h"; sourceTree = "<group>"; fileEncoding = 4; lastKnownFileType = sourcecode.c.h; explicitFileType = undefined; includeInIndex = 0; };
		6284E7C1F72D46E39DA0D3DA /* MapKit.framework */ = {isa = PBXFileReference; name = "MapKit.framework"; path = "System/Library/Frameworks/MapKit.framework"; sourceTree = SDKROOT; fileEncoding = undefined; lastKnownFileType = wrapper.framework; explicitFileType = undefined; includeInIndex = 0; };
		F27FB4C131A74C7099E30294 /* SystemConfiguration.framework */ = {isa = PBXFileReference; name = "SystemConfiguration.framework"; path = "System/Library/Frameworks/SystemConfiguration.framework"; sourceTree = SDKROOT; fileEncoding = undefined; lastKnownFileType = wrapper.framework; explicitFileType = undefined; includeInIndex = 0; };
/* End PBXFileReference section */

/* Begin PBXFrameworksBuildPhase section */
		1D60588F0D05DD3D006BFB54 /* Frameworks */ = {
			isa = PBXFrameworksBuildPhase;
			buildActionMask = 2147483647;
			files = (
				301BF552109A68D80062928A /* libCordova.a in Frameworks */,
				B36033B544AF41B7A27D5298 /* AudioToolbox.framework in Frameworks */,
				F9B14797443E4B8583CDBA47 /* CoreLocation.framework in Frameworks */,
				0C384D0405124C448FA5ADCC /* WebKit.framework in Frameworks */,
				D3E4346CA3C24C1B96A766E3 /* UserNotifications.framework in Frameworks */,
				E4939BD7D75D4628A246F296 /* Foundation.framework in Frameworks */,
				7D268B850DA74087BEA46259 /* AVFoundation.framework in Frameworks */,
				2B6DF15348744069918E4CCF /* MapKit.framework in Frameworks */,
				12E0B6DDC0744D99B971F92A /* SystemConfiguration.framework in Frameworks */,
			);
			runOnlyForDeploymentPostprocessing = 0;
		};
/* End PBXFrameworksBuildPhase section */

/* Begin PBXGroup section */
		080E96DDFE201D6D7F000001 /* Classes */ = {
			isa = PBXGroup;
			children = (
				302D95EE14D2391D003F00A1 /* MainViewController.h */,
				302D95EF14D2391D003F00A1 /* MainViewController.m */,
				302D95F014D2391D003F00A1 /* MainViewController.xib */,
				1D3623240D0F684500981E51 /* AppDelegate.h */,
				1D3623250D0F684500981E51 /* AppDelegate.m */,
			);
			name = Classes;
			path = "TÔdeTaxi Motorista/Classes";
			sourceTree = SOURCE_ROOT;
		};
		19C28FACFE9D520D11CA2CBB /* Products */ = {
			isa = PBXGroup;
			children = (
				1D6058910D05DD3D006BFB54 /* TÔdeTaxi Motorista.app */,
			);
			name = Products;
			sourceTree = "<group>";
		};
		29B97314FDCFA39411CA2CEA /* CustomTemplate */ = {
			isa = PBXGroup;
			children = (
				EB87FDF41871DAF40020F90C /* config.xml */,
				EB87FDF31871DA8E0020F90C /* www */,
				EB87FDF11871DA420020F90C /* Staging */,
				301BF52D109A57CC0062928A /* CordovaLib.xcodeproj */,
				080E96DDFE201D6D7F000001 /* Classes */,
				307C750510C5A3420062BCA9 /* Plugins */,
				29B97315FDCFA39411CA2CEA /* Other Sources */,
				29B97317FDCFA39411CA2CEA /* Resources */,
				29B97323FDCFA39411CA2CEA /* Frameworks */,
				19C28FACFE9D520D11CA2CBB /* Products */,
			);
			name = CustomTemplate;
			sourceTree = "<group>";
		};
		29B97315FDCFA39411CA2CEA /* Other Sources */ = {
			isa = PBXGroup;
			children = (
				32CA4F630368D1EE00C91783 /* TÔdeTaxi Motorista-Prefix.pch */,
				29B97316FDCFA39411CA2CEA /* main.m */,
				ED33DF2A687741AEAF9F8254 /* Bridging-Header.h */,
			);
			name = "Other Sources";
			path = "TÔdeTaxi Motorista";
			sourceTree = "<group>";
		};
		29B97317FDCFA39411CA2CEA /* Resources */ = {
			isa = PBXGroup;
			children = (
				0207DA571B56EA530066E2B4 /* Images.xcassets */,
				3047A50E1AB8057F00498E2A /* config */,
				8D1107310486CEB800E47090 /* TÔdeTaxi Motorista-Info.plist */,
				6AFF5BF81D6E424B00AB3073 /* CDVLaunchScreen.storyboard */,
				070BF59B05F949BE96FDFE38 /* appbeep.wav */,
				93B16A7975514032A2FE4A27 /* CDVNotification.bundle */,
			);
			name = Resources;
			path = "TÔdeTaxi Motorista/Resources";
			sourceTree = "<group>";
		};
		29B97323FDCFA39411CA2CEA /* Frameworks */ = {
			isa = PBXGroup;
			children = (
				9FE15B0DA2244AD684051C7F /* AudioToolbox.framework */,
				17AD1729FE2E4D76BB388862 /* CoreLocation.framework */,
				D5FE84DB215C43F983ED4DB7 /* WebKit.framework */,
				B305D82100974EC6931E1D51 /* UserNotifications.framework */,
				BDDD68BCD83A49668CED78F6 /* Foundation.framework */,
				882FCE40F6D04A9BBCE64891 /* AVFoundation.framework */,
				6284E7C1F72D46E39DA0D3DA /* MapKit.framework */,
				F27FB4C131A74C7099E30294 /* SystemConfiguration.framework */,
			);
			name = Frameworks;
			sourceTree = "<group>";
		};
		301BF52E109A57CC0062928A /* Products */ = {
			isa = PBXGroup;
			children = (
				301BF535109A57CC0062928A /* libCordova.a */,
				907D8124214C687600058A10 /* Cordova.framework */,
			);
			name = Products;
			sourceTree = "<group>";
		};
		3047A50E1AB8057F00498E2A /* config */ = {
			isa = PBXGroup;
			children = (
				3047A50F1AB8059700498E2A /* build-debug.xcconfig */,
				3047A5101AB8059700498E2A /* build-release.xcconfig */,
				3047A5111AB8059700498E2A /* build.xcconfig */,
			);
			name = config;
			sourceTree = "<group>";
		};
		307C750510C5A3420062BCA9 /* Plugins */ = {
			isa = PBXGroup;
			children = (
				E672514234DB4A61BE885C6C /* ActionSheet.m */,
				275D24F9FCA94A18BA40B50D /* ActionSheet.h */,
				95537122E1DF464D9486C20D /* AppVersion.m */,
				51B402D32D59445F9A70C261 /* AppVersion.h */,
				83BE30D64C9D4384B458D6A9 /* CDVDevice.m */,
				3F82C0A68A154EF79A47F1C0 /* CDVDevice.h */,
				D72455B4C25441F783E8C11B /* APPBackgroundMode.m */,
				D9D384EA69FF420A93D87640 /* APPMethodMagic.m */,
				7120E45A56A24D7E8447F2BD /* APPBackgroundMode.h */,
				9FA32AF293324B469A5B28A0 /* APPMethodMagic.h */,
				65A6F4B5C3BD48B2A4916B71 /* APPBadge.m */,
				5EDC756302FF4CCBA1DDABCD /* APPBadge.h */,
				8E12327808B64A2BA5B52804 /* CDVNotification.m */,
				2793D5525F7140768A34617D /* CDVNotification.h */,
				8B80792DE234486EB919F7BD /* CDVLocation.m */,
				47B3CD2C54F34DB39E0B8FB3 /* CDVLocation.h */,
				CBE65A5C1A314BB5B12C90A2 /* CDVInAppBrowser.m */,
				5FA18872491143D4BF0365C5 /* CDVInAppBrowserOptions.m */,
				8CEBAC97BA9141759B859772 /* CDVInAppBrowserNavigationController.m */,
				C34AD6538BB34A0BA096957E /* CDVUIInAppBrowser.m */,
				FD11136D32A24D67B9EB8A81 /* CDVWKInAppBrowser.m */,
				97614600AC5142B9A8BE35A2 /* CDVWKInAppBrowserUIDelegate.m */,
				B8556B19F2294556A9F05601 /* CDVInAppBrowser.h */,
				03ED42AD59A34D50831572D6 /* CDVInAppBrowserOptions.h */,
				09C0513674964828A699A597 /* CDVInAppBrowserNavigationController.h */,
				3B462D4A4A60415D930C1685 /* CDVUIInAppBrowser.h */,
				F8570CE1BDE14C6CBC87452F /* CDVWKInAppBrowser.h */,
				061D67BB19F74EFFB01ED1D4 /* CDVWKInAppBrowserUIDelegate.h */,
				43D0FD7AF7444ECD924ABE18 /* CDVIonicKeyboard.m */,
				C1E0CBB57C2846BAB8A816E4 /* CDVIonicKeyboard.h */,
				E420DE39791E4325880DB72F /* CDVWKWebViewEngine.m */,
				EAFA0F60023E483C81EF3014 /* CDVWKWebViewUIDelegate.m */,
				6E9C66DAF6EE44398F8A360A /* CDVWKProcessPoolFactory.m */,
				6F209253DD8D4D3280B92AAF /* IONAssetHandler.m */,
				B28773F5C2FC4B238876D3D1 /* CDVWKWebViewEngine.h */,
				17E1212BD8494677945182B5 /* CDVWKWebViewUIDelegate.h */,
				8476BD4945364D1D9B0ADBBA /* CDVWKProcessPoolFactory.h */,
				EE466FD5763440CAA3C6D940 /* IONAssetHandler.h */,
				976C13CB150B491DAE9A46F8 /* APPLocalNotification.m */,
				9FC3CB2994374124BE8C4871 /* APPNotificationContent.m */,
				D49C810063094E8FA388C8EC /* APPNotificationOptions.m */,
				090EF8D175034FA5AE07ACF4 /* UNUserNotificationCenter+APPLocalNotification.m */,
				9EEDEC9227AD42CA889BAFB0 /* UNNotificationRequest+APPLocalNotification.m */,
				65D9EB73D55043A79772EEF4 /* APPLocalNotification.h */,
				68764EF194114EBC9465A4BD /* APPNotificationContent.h */,
				F4EDA0588F4448988781F5A4 /* APPNotificationOptions.h */,
				6CAF9822BB24478D9ECF5D0A /* UNUserNotificationCenter+APPLocalNotification.h */,
				ED37463ABC834F17A764E92B /* UNNotificationRequest+APPLocalNotification.h */,
				E478E951616648E3ADA465D1 /* NativeAudio.m */,
				DB98BDF6B5644651AA8BD4A2 /* NativeAudioAsset.m */,
				854DC518283C44E6ABA04C07 /* NativeAudio.h */,
				FACB60D75B814429923840A0 /* NativeAudioAsset.h */,
				B129B6CB09A24D128F17B2D7 /* CDVSplashScreen.m */,
				4E5EE0E84A3E4E32A66EE2DF /* CDVViewController+SplashScreen.m */,
				425C47D2DA6D4DD48A4CA1B3 /* CDVSplashScreen.h */,
				1B1C86A961EF4B4FA7002163 /* CDVViewController+SplashScreen.h */,
				4FF6D12B367344FE98AB5764 /* CDVStatusBar.m */,
				64C6339FBB6741C8BAC75E2B /* CDVStatusBar.h */,
				91B242FCA4BE45838E3F2DED /* CDVVibration.m */,
				944B9D6C335B430AB76574A2 /* CDVVibration.h */,
				B4EA4D300F79400C874FBA52 /* CFCallNumber.m */,
				F6B5DC65D99142A08EBDCA56 /* CFCallNumber.h */,
				ECBDF404417A4ED9A4AF975A /* LaunchNavigatorPlugin.m */,
				3FCDF4982D5A403884030D65 /* WE_CordovaLogger.m */,
				250FE3CB20574158A405F0BD /* LN_LaunchNavigator.m */,
				86E557F34EE945B4B38B7823 /* LN_Reachability.m */,
				D6C3EADC5F3544DC85AD48AA /* WE_Logger.m */,
				53CF8B1418AF48D08393C750 /* LaunchNavigatorPlugin.h */,
				31D0C6A45A294710A8725E51 /* WE_CordovaLogger.h */,
				5CBAFEA3F689469681660C34 /* LN_LaunchNavigator.h */,
				CC01D97B9C0E4DC4999A0EAE /* LN_Reachability.h */,
				6000B6A422674FE1894F9A7E /* WE_Logger.h */,
			);
			name = Plugins;
			path = "TÔdeTaxi Motorista/Plugins";
			sourceTree = SOURCE_ROOT;
		};
		EB87FDF11871DA420020F90C /* Staging */ = {
			isa = PBXGroup;
			children = (
				F840E1F0165FE0F500CFE078 /* config.xml */,
				301BF56E109A69640062928A /* www */,
			);
			name = Staging;
			sourceTree = "<group>";
		};
/* End PBXGroup section */

/* Begin PBXNativeTarget section */
		1D6058900D05DD3D006BFB54 /* TÔdeTaxi Motorista */ = {
			isa = PBXNativeTarget;
			buildConfigurationList = 1D6058960D05DD3E006BFB54 /* Build configuration list for PBXNativeTarget "TÔdeTaxi Motorista" */;
			buildPhases = (
				304B58A110DAC018002A0835 /* Copy www directory */,
				1D60588D0D05DD3D006BFB54 /* Resources */,
				1D60588E0D05DD3D006BFB54 /* Sources */,
				1D60588F0D05DD3D006BFB54 /* Frameworks */,
			);
			buildRules = (
			);
			dependencies = (
				301BF551109A68C00062928A /* PBXTargetDependency */,
			);
			name = "TÔdeTaxi Motorista";
			productName = "TÔdeTaxi Motorista";
			productReference = 1D6058910D05DD3D006BFB54 /* TÔdeTaxi Motorista.app */;
			productType = "com.apple.product-type.application";
		};
/* End PBXNativeTarget section */

/* Begin PBXProject section */
		29B97313FDCFA39411CA2CEA /* Project object */ = {
			isa = PBXProject;
			attributes = {
				LastUpgradeCheck = 510;
				TargetAttributes = {
					1D6058900D05DD3D006BFB54 = {
						ProvisioningStyle = Automatic;
					};
				};
			};
			buildConfigurationList = C01FCF4E08A954540054247B /* Build configuration list for PBXProject "TÔdeTaxi Motorista" */;
			compatibilityVersion = "Xcode 3.2";
			developmentRegion = English;
			hasScannedForEncodings = 1;
			mainGroup = 29B97314FDCFA39411CA2CEA /* CustomTemplate */;
			projectDirPath = "";
			projectReferences = (
				{
					ProductGroup = 301BF52E109A57CC0062928A /* Products */;
					ProjectRef = 301BF52D109A57CC0062928A /* CordovaLib.xcodeproj */;
				},
			);
			projectRoot = "";
			targets = (
				1D6058900D05DD3D006BFB54 /* TÔdeTaxi Motorista */,
			);
		};
/* End PBXProject section */

/* Begin PBXReferenceProxy section */
		301BF535109A57CC0062928A /* libCordova.a */ = {
			isa = PBXReferenceProxy;
			fileType = archive.ar;
			path = libCordova.a;
			remoteRef = 301BF534109A57CC0062928A /* PBXContainerItemProxy */;
			sourceTree = BUILT_PRODUCTS_DIR;
		};
		907D8124214C687600058A10 /* Cordova.framework */ = {
			isa = PBXReferenceProxy;
			fileType = wrapper.framework;
			path = Cordova.framework;
			remoteRef = 907D8123214C687600058A10 /* PBXContainerItemProxy */;
			sourceTree = BUILT_PRODUCTS_DIR;
		};
/* End PBXReferenceProxy section */

/* Begin PBXResourcesBuildPhase section */
		1D60588D0D05DD3D006BFB54 /* Resources */ = {
			isa = PBXResourcesBuildPhase;
			buildActionMask = 2147483647;
			files = (
				302D95F214D2391D003F00A1 /* MainViewController.xib in Resources */,
				0207DA581B56EA530066E2B4 /* Images.xcassets in Resources */,
				6AFF5BF91D6E424B00AB3073 /* CDVLaunchScreen.storyboard in Resources */,
				C4ED04C9651B4DA1900A7787 /* appbeep.wav in Resources */,
				2682D283CF874D1AAE3BF08E /* CDVNotification.bundle in Resources */,
			);
			runOnlyForDeploymentPostprocessing = 0;
		};
/* End PBXResourcesBuildPhase section */

/* Begin PBXShellScriptBuildPhase section */
		304B58A110DAC018002A0835 /* Copy www directory */ = {
			isa = PBXShellScriptBuildPhase;
			buildActionMask = 2147483647;
			files = (
			);
			inputPaths = (
			);
			name = "Copy www directory";
			outputPaths = (
			);
			runOnlyForDeploymentPostprocessing = 0;
			shellPath = /bin/sh;
			shellScript = "\"$SRCROOT/TÔdeTaxi Motorista/Scripts/copy-www-build-step.sh\"";
			showEnvVarsInLog = 0;
		};
/* End PBXShellScriptBuildPhase section */

/* Begin PBXSourcesBuildPhase section */
		1D60588E0D05DD3D006BFB54 /* Sources */ = {
			isa = PBXSourcesBuildPhase;
			buildActionMask = 2147483647;
			files = (
				1D60589B0D05DD56006BFB54 /* main.m in Sources */,
				1D3623260D0F684500981E51 /* AppDelegate.m in Sources */,
				302D95F114D2391D003F00A1 /* MainViewController.m in Sources */,
				D8196C7A16CE41D0B85262F3 /* ActionSheet.m in Sources */,
				87E36185B3A842C9AD438E3B /* AppVersion.m in Sources */,
				CA92104450C44DF4B069E3A5 /* CDVDevice.m in Sources */,
				71F52D76B84B47FA85259419 /* APPBackgroundMode.m in Sources */,
				E1CDF7328E664E1A8E5FF49B /* APPMethodMagic.m in Sources */,
				CC4A6121F89B422F894F9E4B /* APPBadge.m in Sources */,
				9E84597340D441F08DF12CDD /* CDVNotification.m in Sources */,
				DDA77D5F1C2D4750804F2AB3 /* CDVLocation.m in Sources */,
				6FB90B9E654A4A41AC48BCBE /* CDVInAppBrowser.m in Sources */,
				50F41E7C842D4FE7A5CC3D09 /* CDVInAppBrowserOptions.m in Sources */,
				257AA1D8167C4E5296D5C0D1 /* CDVInAppBrowserNavigationController.m in Sources */,
				C04AA3BBCB6F43D0A13D83A6 /* CDVUIInAppBrowser.m in Sources */,
				13CCE97DF24F4119BC3322E8 /* CDVWKInAppBrowser.m in Sources */,
				E360D109A29141DBA5362F9B /* CDVWKInAppBrowserUIDelegate.m in Sources */,
				645D6AE86D8F4778A992D8F2 /* CDVIonicKeyboard.m in Sources */,
				F33526E1B6ED4E1DBAE25DCB /* CDVWKWebViewEngine.m in Sources */,
				00075256EE534DC7BA9B2E8F /* CDVWKWebViewUIDelegate.m in Sources */,
				DD2DF316096F42478C89E349 /* CDVWKProcessPoolFactory.m in Sources */,
				3507C8CB3DB0412EACBEC5F6 /* IONAssetHandler.m in Sources */,
				964D5DFD7B1148F1938D6047 /* APPLocalNotification.m in Sources */,
				778E510534D347E79A38102C /* APPNotificationContent.m in Sources */,
				32BB0217EE0F4487BA541810 /* APPNotificationOptions.m in Sources */,
				245D020F8FD147B4B06261DD /* UNUserNotificationCenter+APPLocalNotification.m in Sources */,
				87AA23CD43B04910B6935F93 /* UNNotificationRequest+APPLocalNotification.m in Sources */,
				1AA08B9572D04EC88FEE4BBF /* NativeAudio.m in Sources */,
				E709736A724B4A78A1BC3304 /* NativeAudioAsset.m in Sources */,
				AA4024CCDBEF4B68839145DC /* CDVSplashScreen.m in Sources */,
				F5DB787D7F3643F282C0362D /* CDVViewController+SplashScreen.m in Sources */,
				0A42945C02B84F3EBD8CA08B /* CDVStatusBar.m in Sources */,
				856D498266E942BBB80C3723 /* CDVVibration.m in Sources */,
				B6AFFEF7D4FC4F48A4734421 /* CFCallNumber.m in Sources */,
				29BA0DE4553A4999A49D8973 /* LaunchNavigatorPlugin.m in Sources */,
				8812DADC2B8C4D45987F1663 /* WE_CordovaLogger.m in Sources */,
				E7C48A575B60438A942E7995 /* LN_LaunchNavigator.m in Sources */,
				AD5CA04B9D144F95AB2E68A6 /* LN_Reachability.m in Sources */,
				C342AD8F60514DA8859E13BC /* WE_Logger.m in Sources */,
			);
			runOnlyForDeploymentPostprocessing = 0;
		};
/* End PBXSourcesBuildPhase section */

/* Begin PBXTargetDependency section */
		301BF551109A68C00062928A /* PBXTargetDependency */ = {
			isa = PBXTargetDependency;
			name = CordovaLib;
			targetProxy = 301BF550109A68C00062928A /* PBXContainerItemProxy */;
		};
/* End PBXTargetDependency section */

/* Begin XCBuildConfiguration section */
		1D6058940D05DD3E006BFB54 /* Debug */ = {
			isa = XCBuildConfiguration;
			baseConfigurationReference = 3047A50F1AB8059700498E2A /* build-debug.xcconfig */;
			buildSettings = {
				ALWAYS_SEARCH_USER_PATHS = NO;
				ASSETCATALOG_COMPILER_APPICON_NAME = AppIcon;
				ASSETCATALOG_COMPILER_LAUNCHIMAGE_NAME = LaunchImage;
				CLANG_ENABLE_MODULES = YES;
				CLANG_ENABLE_OBJC_ARC = YES;
				COPY_PHASE_STRIP = NO;
				GCC_DYNAMIC_NO_PIC = NO;
				GCC_OPTIMIZATION_LEVEL = 0;
				GCC_PRECOMPILE_PREFIX_HEADER = YES;
				GCC_PREFIX_HEADER = "TÔdeTaxi Motorista/TÔdeTaxi Motorista-Prefix.pch";
				GCC_THUMB_SUPPORT = NO;
				GCC_VERSION = "";
				INFOPLIST_FILE = "TÔdeTaxi Motorista/TÔdeTaxi Motorista-Info.plist";
				IPHONEOS_DEPLOYMENT_TARGET = 11.0;
				LD_RUNPATH_SEARCH_PATHS = "@executable_path/Frameworks";
				PRODUCT_BUNDLE_IDENTIFIER = com.cloudme.ToDeTaxi;
				PRODUCT_NAME = "$(TARGET_NAME)";
				TARGETED_DEVICE_FAMILY = "1,2";
				WK_WEB_VIEW_ONLY = 1;
			};
			name = Debug;
		};
		1D6058950D05DD3E006BFB54 /* Release */ = {
			isa = XCBuildConfiguration;
			baseConfigurationReference = 3047A5101AB8059700498E2A /* build-release.xcconfig */;
			buildSettings = {
				ALWAYS_SEARCH_USER_PATHS = NO;
				ASSETCATALOG_COMPILER_APPICON_NAME = AppIcon;
				ASSETCATALOG_COMPILER_LAUNCHIMAGE_NAME = LaunchImage;
				CLANG_ENABLE_MODULES = YES;
				CLANG_ENABLE_OBJC_ARC = YES;
				COPY_PHASE_STRIP = YES;
				GCC_PRECOMPILE_PREFIX_HEADER = YES;
				GCC_PREFIX_HEADER = "TÔdeTaxi Motorista/TÔdeTaxi Motorista-Prefix.pch";
				GCC_THUMB_SUPPORT = NO;
				GCC_VERSION = "";
				INFOPLIST_FILE = "TÔdeTaxi Motorista/TÔdeTaxi Motorista-Info.plist";
				IPHONEOS_DEPLOYMENT_TARGET = 11.0;
				LD_RUNPATH_SEARCH_PATHS = "@executable_path/Frameworks";
				PRODUCT_BUNDLE_IDENTIFIER = com.cloudme.ToDeTaxi;
				PRODUCT_NAME = "$(TARGET_NAME)";
				TARGETED_DEVICE_FAMILY = "1,2";
				WK_WEB_VIEW_ONLY = 1;
			};
			name = Release;
		};
		C01FCF4F08A954540054247B /* Debug */ = {
			isa = XCBuildConfiguration;
			baseConfigurationReference = 3047A5111AB8059700498E2A /* build.xcconfig */;
			buildSettings = {
				CLANG_ENABLE_MODULES = YES;
				CLANG_ENABLE_OBJC_ARC = YES;
				CLANG_WARN_BLOCK_CAPTURE_AUTORELEASING = YES;
				CLANG_WARN_BOOL_CONVERSION = YES;
				CLANG_WARN_COMMA = YES;
				CLANG_WARN_CONSTANT_CONVERSION = YES;
				CLANG_WARN_DEPRECATED_OBJC_IMPLEMENTATIONS = YES;
				CLANG_WARN_EMPTY_BODY = YES;
				CLANG_WARN_ENUM_CONVERSION = YES;
				CLANG_WARN_INFINITE_RECURSION = YES;
				CLANG_WARN_INT_CONVERSION = YES;
				CLANG_WARN_NON_LITERAL_NULL_CONVERSION = YES;
				CLANG_WARN_OBJC_IMPLICIT_RETAIN_SELF = YES;
				CLANG_WARN_OBJC_LITERAL_CONVERSION = YES;
				CLANG_WARN_RANGE_LOOP_ANALYSIS = YES;
				CLANG_WARN_STRICT_PROTOTYPES = YES;
				CLANG_WARN_SUSPICIOUS_MOVE = YES;
				CLANG_WARN_UNREACHABLE_CODE = YES;
				CLANG_WARN__DUPLICATE_METHOD_MATCH = YES;
				ENABLE_STRICT_OBJC_MSGSEND = YES;
				ENABLE_TESTABILITY = YES;
				GCC_C_LANGUAGE_STANDARD = c99;
				GCC_NO_COMMON_BLOCKS = YES;
				GCC_THUMB_SUPPORT = NO;
				GCC_VERSION = "";
				GCC_WARN_64_TO_32_BIT_CONVERSION = YES;
				GCC_WARN_ABOUT_RETURN_TYPE = YES;
				GCC_WARN_UNDECLARED_SELECTOR = YES;
				GCC_WARN_UNINITIALIZED_AUTOS = YES;
				GCC_WARN_UNUSED_FUNCTION = YES;
				GCC_WARN_UNUSED_VARIABLE = YES;
				ONLY_ACTIVE_ARCH = YES;
				SDKROOT = iphoneos;
				SKIP_INSTALL = NO;
				WK_WEB_VIEW_ONLY = 1;
				PRODUCT_BUNDLE_IDENTIFIER = com.cloudme.ToDeTaxi;
				IPHONEOS_DEPLOYMENT_TARGET = 11.0;
			};
			name = Debug;
		};
		C01FCF5008A954540054247B /* Release */ = {
			isa = XCBuildConfiguration;
			baseConfigurationReference = 3047A5111AB8059700498E2A /* build.xcconfig */;
			buildSettings = {
				CLANG_ENABLE_MODULES = YES;
				CLANG_ENABLE_OBJC_ARC = YES;
				CLANG_WARN_BLOCK_CAPTURE_AUTORELEASING = YES;
				CLANG_WARN_BOOL_CONVERSION = YES;
				CLANG_WARN_COMMA = YES;
				CLANG_WARN_CONSTANT_CONVERSION = YES;
				CLANG_WARN_DEPRECATED_OBJC_IMPLEMENTATIONS = YES;
				CLANG_WARN_EMPTY_BODY = YES;
				CLANG_WARN_ENUM_CONVERSION = YES;
				CLANG_WARN_INFINITE_RECURSION = YES;
				CLANG_WARN_INT_CONVERSION = YES;
				CLANG_WARN_NON_LITERAL_NULL_CONVERSION = YES;
				CLANG_WARN_OBJC_IMPLICIT_RETAIN_SELF = YES;
				CLANG_WARN_OBJC_LITERAL_CONVERSION = YES;
				CLANG_WARN_RANGE_LOOP_ANALYSIS = YES;
				CLANG_WARN_STRICT_PROTOTYPES = YES;
				CLANG_WARN_SUSPICIOUS_MOVE = YES;
				CLANG_WARN_UNREACHABLE_CODE = YES;
				CLANG_WARN__DUPLICATE_METHOD_MATCH = YES;
				ENABLE_STRICT_OBJC_MSGSEND = YES;
				GCC_C_LANGUAGE_STANDARD = c99;
				GCC_NO_COMMON_BLOCKS = YES;
				GCC_THUMB_SUPPORT = NO;
				GCC_VERSION = "";
				GCC_WARN_64_TO_32_BIT_CONVERSION = YES;
				GCC_WARN_ABOUT_RETURN_TYPE = YES;
				GCC_WARN_UNDECLARED_SELECTOR = YES;
				GCC_WARN_UNINITIALIZED_AUTOS = YES;
				GCC_WARN_UNUSED_FUNCTION = YES;
				GCC_WARN_UNUSED_VARIABLE = YES;
				SDKROOT = iphoneos;
				SKIP_INSTALL = NO;
				WK_WEB_VIEW_ONLY = 1;
				PRODUCT_BUNDLE_IDENTIFIER = com.cloudme.ToDeTaxi;
				IPHONEOS_DEPLOYMENT_TARGET = 11.0;
			};
			name = Release;
		};
/* End XCBuildConfiguration section */

/* Begin XCConfigurationList section */
		1D6058960D05DD3E006BFB54 /* Build configuration list for PBXNativeTarget "TÔdeTaxi Motorista" */ = {
			isa = XCConfigurationList;
			buildConfigurations = (
				1D6058940D05DD3E006BFB54 /* Debug */,
				1D6058950D05DD3E006BFB54 /* Release */,
			);
			defaultConfigurationIsVisible = 0;
			defaultConfigurationName = Release;
		};
		C01FCF4E08A954540054247B /* Build configuration list for PBXProject "TÔdeTaxi Motorista" */ = {
			isa = XCConfigurationList;
			buildConfigurations = (
				C01FCF4F08A954540054247B /* Debug */,
				C01FCF5008A954540054247B /* Release */,
			);
			defaultConfigurationIsVisible = 0;
			defaultConfigurationName = Release;
		};
/* End XCConfigurationList section */
	};
	rootObject = 29B97313FDCFA39411CA2CEA /* Project object */;
}
